github.com/Alexey71/go-http-digest-auth-client v1.1.3 h1:+S1vynZ/v4655Ee4z3+thNsIWxYk/8DG62QGmnK2y1M=
github.com/Alexey71/go-http-digest-auth-client v1.1.3/go.mod h1:L+M7T00XYeSSOxHn1hgWbgXYhipNSQUzXh2MHGyIYqY=
github.com/Alexey71/go-multierror v1.1.3 h1:lasWoAiRTKbqyLsr1C2I4DlEPir20ne1VGuCCZablz8=
github.com/Alexey71/go-multierror v1.1.3/go.mod h1:7KiRIv1ScKVHZWPdy97WTw41LKEDQnc0P/hPbZasnbA=
github.com/davecgh/go-spew v1.1.1 h1:vj9j/u1bqnvCEfJOwUhtlOARqs3+rkHYY13jYWTU97c=
github.com/davecgh/go-spew v1.1.1/go.mod h1:J7Y8YcW2NihsgmVo/mv3lAwl/skON4iLHjSsI+c5H38=
github.com/ncruces/go-dns v1.3.3 h1:59OV7XoJrTCoUMZjWRVs4GOjtntMTZqiQ5Mn+BT13hk=
github.com/ncruces/go-dns v1.3.3/go.mod h1:tuzixNY8PY/M7yUzcvRbUaeLs3ifIdydpi5H2bfRU+s=
github.com/pmezard/go-difflib v1.0.0 h1:4DBwDE0NGyQoBHbLQYPwSUPoCMWR5BEzIk/f1lZbAQM=
github.com/pmezard/go-difflib v1.0.0/go.mod h1:iKH77koFhYxTK1pcRnkKkqfTogsbg7gZNVY4sRDYZ/4=
github.com/stretchr/testify v1.11.1 h1:7s2iGBzp5EwR7/aIZr8ao5+dra3wiQyKjjFuvgVKu7U=
github.com/stretchr/testify v1.11.1/go.mod h1:wZwfW3scLgRK+23gO65QZefKpKQRnfz6sD981Nm4B6U=
github.com/things-go/go-socks5 v0.1.1 h1:48hy9cHEXPKeG91G/g4n8zW4uynzPUQy/FkcrJ7r5AY=
github.com/things-go/go-socks5 v0.1.1/go.mod h1:1YBHVYG7Oli5ae+Pwkp630cPAwY1pjUPmohO1n0Emg0=
golang.org/x/crypto/x509roots/fallback v0.0.0-20260528171630-4c4d20b72c2f h1:GylusZUFpiACwyCss6ORk7G/DpwxuQROIueGQwSQTaI=
golang.org/x/crypto/x509roots/fallback v0.0.0-20260528171630-4c4d20b72c2f/go.mod h1:+UoQFNBq2p2wO+Q6ddVtYc25GZ6VNdOMyyrd4nrqrKs=
golang.org/x/net v0.55.0 h1:bcvxaJn3e1U6InsFWt1JUq1aSjnRxLzT2rtD2KfkDF8=
golang.org/x/net v0.55.0/go.mod h1:L5U2KuzuOe1lY7Z+aWVIKK6qEeJXnXV9yzGA+WCHJww=
gopkg.in/yaml.v3 v3.0.1 h1:fxVm/GzAzEWqLHuvctI91KS9hhNmmWOoWu0XTYJS7CA=
gopkg.in/yaml.v3 v3.0.1/go.mod h1:K4uyk7z7BCEPqu6E+C64Yfv1cQ7kz7rIZviUmN+EgEM=
